
Microsoft Visual Studio Solution File, Format Version 12.00
# Visual Studio Version 17
VisualStudioVersion = 17.8.34316.72
MinimumVisualStudioVersion = 10.0.40219.1
Project("{FAE04EC0-301F-11D3-BF4B-00C04F79EFBC}") = "RestaurantManegement", "RestaurantManegement\RestaurantManegement.csproj", "{43736717-9A44-43AD-BA10-8BC27BEA4702}"
EndProject
Global
	GlobalSection(SolutionConfigurationPlatforms) = preSolution
		Debug|Any CPU = Debug|Any CPU
		Release|Any CPU = Release|Any CPU
	EndGlobalSection
	GlobalSection(ProjectConfigurationPlatforms) = postSolution
		{43736717-9A44-43AD-BA10-8BC27BEA4702}.Debug|Any CPU.ActiveCfg = Debug|Any CPU
		{43736717-9A44-43AD-BA10-8BC27BEA4702}.Debug|Any CPU.Build.0 = Debug|Any CPU
		{43736717-9A44-43AD-BA10-8BC27BEA4702}.Release|Any CPU.ActiveCfg = Release|Any CPU
		{43736717-9A44-43AD-BA10-8BC27BEA4702}.Release|Any CPU.Build.0 = Release|Any CPU
	EndGlobalSection
	GlobalSection(SolutionProperties) = preSolution
		HideSolutionNode = FALSE
	EndGlobalSection
	GlobalSection(ExtensibilityGlobals) = postSolution
		SolutionGuid = {E17CA454-C279-46A7-A4E0-29FEF4559C58}
	EndGlobalSection
EndGlobal
